{
    "_meta": {
        "hash": {
            "sha256": "2cca4752989915340503b6e48a8ecbdf12f1a9d8510e7d402749247f5be4063a"
        },
        "pipfile-spec": 6,
        "requires": {
            "python_version": "3.8"
        },
        "sources": [
            {
                "name": "pypi",
                "url": "https://pypi.org/simple",
                "verify_ssl": true
            }
        ]
    },
    "default": {
        "pydub": {
            "hashes": [
                "sha256:65617e33033874b59d87db603aa1ed450633288aefead953b30bded59cb599a6",
                "sha256:980a33ce9949cab2a569606b65674d748ecbca4f0796887fd6f46173a7b0d30f"
            ],
            "index": "pypi",
            "version": "==0.25.1"
        },
        "pyqt6": {
            "hashes": [
                "sha256:11c039b07962b29246de2da0912f4f663786185fd74d48daac7a270a43c8d92a",
                "sha256:577334c9d4518022a4cb6f9799dfbd1b996167eb31404b5a63d6c43d603e6418",
                "sha256:8a2f357b86fec8598f52f16d5f93416931017ca1986d5f68679c9565bfc21fff",
                "sha256:a9bfcac198fe4b703706f809bb686c7cef5f60a7c802fc145c6b57929c7a6a34"
            ],
            "index": "pypi",
            "version": "==6.2.3"
        },
        "pyqt6-sip": {
            "hashes": [
                "sha256:0314d011633bc697e99f3f9897b484720e81a5f4ba0eaa5f05c5811e2e74ea53",
                "sha256:082a80264699d4e2e919a7de8b6662886a353863d2b30a0047fe73d42e65c98e",
                "sha256:0a49f2d0bb49bc9d72665d62fb5ab6549c72dcf49e1e52dc2046edb8832a17a3",
                "sha256:0ede42e84a79871022e1a8e4d5c05f70821b2795910c4cd103e863ce62bc8d68",
                "sha256:226e9e349aa16dc1132f106ca01fa99cf7cb8e59daee29304c2fea5fa33212ec",
                "sha256:43afd9c9fdbc5f6ed2e22cae0752a8b8d9545c6d85f314bd27b861e21d4a97fe",
                "sha256:4b119a8fd880ece15a5bdff583edccd89dbc79d49de2e11cbbd6bba72713d1f3",
                "sha256:616b6bad827e9c6e7ce5179883ca0f44110a42dcb045344aa28a495c05e19795",
                "sha256:65f5aee6195bd0e785bd74f75ee080a5d5fb840c03210956e4ccbdde481b487c",
                "sha256:8b52d42e42e6e9f934ac7528cd154ac0210a532bb33fa1edfb4a8bbfb73ff88b",
                "sha256:a3d53fab72f959b45aeb954124255b585ff8d497a514a2582e0afd808fc2f3da",
                "sha256:b0d92f4a21706b18ab80c088cded94cd64d32a0c48e1729a4cc53fe5ab93cc1a",
                "sha256:b7bce59900b2e0a04f70246de2ccf79ee7933036b6b9183cf039b62eeae2b858",
                "sha256:c456d5ccc4478254052082e298db01bb9d0495471c1659046697bb5dc9d2506c",
                "sha256:e2e6a3972169891dbc33d806f50ebf17eaa47a487ff6e4910fe2485c47cb6c2b",
                "sha256:f4226d4ab239d8655f94c42b397f23e6e85b246f614ff81162ef9321e47f7619"
            ],
            "markers": "python_version >= '3.6'",
            "version": "==13.2.1"
        }
    },
    "develop": {}
}
